{
  "requires": true,
  "lockfileVersion": 1,
  "dependencies": {
    "email-validator": {
      "version": "2.0.4",
      "resolved": "https://registry.npmjs.org/email-validator/-/email-validator-2.0.4.tgz",
      "integrity": "sha512-gYCwo7kh5S3IDyZPLZf6hSS0MnZT8QmJFqYvbqlDZSbwdZlY6QZWxJ4i/6UhITOJ4XzyI647Bm2MXKCLqnJ4nQ=="
    },
    "flag-icons": {
      "version": "6.11.1",
      "resolved": "https://registry.npmjs.org/flag-icons/-/flag-icons-6.11.1.tgz",
      "integrity": "sha512-c2UMJTFZoVQ47/sE1mb+9b5S1pi8SjXsx0MR063O31GV+O2EN4FMwMdEYSQItpien2bl9w1viLUoo2R3r6OK3g=="
    }
  }
}
